
Microsoft Visual Studio Solution File, Format Version 12.00
# Visual Studio 15
VisualStudioVersion = 15.0.27004.2008
MinimumVisualStudioVersion = 10.0.40219.1
Project("{FAE04EC0-301F-11D3-BF4B-00C04F79EFBC}") = "App1.Android", "App1\App1.Android\App1.Android.csproj", "{2B9A7C31-0D0D-4B61-BC48-C4591660C70F}"
EndProject
Project("{FAE04EC0-301F-11D3-BF4B-00C04F79EFBC}") = "App1", "App1\App1\App1.csproj", "{4130B15C-3A3C-4D8C-BFE9-2F374BEDC699}"
EndProject
Project("{FAE04EC0-301F-11D3-BF4B-00C04F79EFBC}") = "App1.UWP", "App1\App1.UWP\App1.UWP.csproj", "{EFB3BA06-32F0-443D-A8AE-FA2F22E900AB}"
EndProject
Project("{FAE04EC0-301F-11D3-BF4B-00C04F79EFBC}") = "App1.iOS", "App1\App1.iOS\App1.iOS.csproj", "{E6FC3D8C-CA43-4D02-B443-A908B4001BFF}"
EndProject
Global
	GlobalSection(SolutionConfigurationPlatforms) = preSolution
		Ad-Hoc|Any CPU = Ad-Hoc|Any CPU
		Ad-Hoc|ARM = Ad-Hoc|ARM
		Ad-Hoc|iPhone = Ad-Hoc|iPhone
		Ad-Hoc|iPhoneSimulator = Ad-Hoc|iPhoneSimulator
		Ad-Hoc|x64 = Ad-Hoc|x64
		Ad-Hoc|x86 = Ad-Hoc|x86
		AppStore|Any CPU = AppStore|Any CPU
		AppStore|ARM = AppStore|ARM
		AppStore|iPhone = AppStore|iPhone
		AppStore|iPhoneSimulator = AppStore|iPhoneSimulator
		AppStore|x64 = AppStore|x64
		AppStore|x86 = AppStore|x86
		Debug|Any CPU = Debug|Any CPU
		Debug|ARM = Debug|ARM
		Debug|iPhone = Debug|iPhone
		Debug|iPhoneSimulator = Debug|iPhoneSimulator
		Debug|x64 = Debug|x64
		Debug|x86 = Debug|x86
		Release|Any CPU = Release|Any CPU
		Release|ARM = Release|ARM
		Release|iPhone = Release|iPhone
		Release|iPhoneSimulator = Release|iPhoneSimulator
		Release|x64 = Release|x64
		Release|x86 = Release|x86
	EndGlobalSection
	GlobalSection(ProjectConfigurationPlatforms) = postSolution
		{2B9A7C31-0D0D-4B61-BC48-C4591660C70F}.Ad-Hoc|Any CPU.ActiveCfg = Release|Any CPU
		{2B9A7C31-0D0D-4B61-BC48-C4591660C70F}.Ad-Hoc|Any CPU.Build.0 = Release|Any CPU
		{2B9A7C31-0D0D-4B61-BC48-C4591660C70F}.Ad-Hoc|Any CPU.Deploy.0 = Release|Any CPU
		{2B9A7C31-0D0D-4B61-BC48-C4591660C70F}.Ad-Hoc|ARM.ActiveCfg = Release|Any CPU
		{2B9A7C31-0D0D-4B61-BC48-C4591660C70F}.Ad-Hoc|ARM.Build.0 = Release|Any CPU
		{2B9A7C31-0D0D-4B61-BC48-C4591660C70F}.Ad-Hoc|ARM.Deploy.0 = Release|Any CPU
		{2B9A7C31-0D0D-4B61-BC48-C4591660C70F}.Ad-Hoc|iPhone.ActiveCfg = Release|Any CPU
		{2B9A7C31-0D0D-4B61-BC48-C4591660C70F}.Ad-Hoc|iPhone.Build.0 = Release|Any CPU
		{2B9A7C31-0D0D-4B61-BC48-C4591660C70F}.Ad-Hoc|iPhone.Deploy.0 = Release|Any CPU
		{2B9A7C31-0D0D-4B61-BC48-C4591660C70F}.Ad-Hoc|iPhoneSimulator.ActiveCfg = Release|Any CPU
		{2B9A7C31-0D0D-4B61-BC48-C4591660C70F}.Ad-Hoc|iPhoneSimulator.Build.0 = Release|Any CPU
		{2B9A7C31-0D0D-4B61-BC48-C4591660C70F}.Ad-Hoc|iPhoneSimulator.Deploy.0 = Release|Any CPU
		{2B9A7C31-0D0D-4B61-BC48-C4591660C70F}.Ad-Hoc|x64.ActiveCfg = Release|Any CPU
		{2B9A7C31-0D0D-4B61-BC48-C4591660C70F}.Ad-Hoc|x64.Build.0 = Release|Any CPU
		{2B9A7C31-0D0D-4B61-BC48-C4591660C70F}.Ad-Hoc|x64.Deploy.0 = Release|Any CPU
		{2B9A7C31-0D0D-4B61-BC48-C4591660C70F}.Ad-Hoc|x86.ActiveCfg = Release|Any CPU
		{2B9A7C31-0D0D-4B61-BC48-C4591660C70F}.Ad-Hoc|x86.Build.0 = Release|Any CPU
		{2B9A7C31-0D0D-4B61-BC48-C4591660C70F}.Ad-Hoc|x86.Deploy.0 = Release|Any CPU
		{2B9A7C31-0D0D-4B61-BC48-C4591660C70F}.AppStore|Any CPU.ActiveCfg = Release|Any CPU
		{2B9A7C31-0D0D-4B61-BC48-C4591660C70F}.AppStore|Any CPU.Build.0 = Release|Any CPU
		{2B9A7C31-0D0D-4B61-BC48-C4591660C70F}.AppStore|Any CPU.Deploy.0 = Release|Any CPU
		{2B9A7C31-0D0D-4B61-BC48-C4591660C70F}.AppStore|ARM.ActiveCfg = Release|Any CPU
		{2B9A7C31-0D0D-4B61-BC48-C4591660C70F}.AppStore|ARM.Build.0 = Release|Any CPU
		{2B9A7C31-0D0D-4B61-BC48-C4591660C70F}.AppStore|ARM.Deploy.0 = Release|Any CPU
		{2B9A7C31-0D0D-4B61-BC48-C4591660C70F}.AppStore|iPhone.ActiveCfg = Release|Any CPU
		{2B9A7C31-0D0D-4B61-BC48-C4591660C70F}.AppStore|iPhone.Build.0 = Release|Any CPU
		{2B9A7C31-0D0D-4B61-BC48-C4591660C70F}.AppStore|iPhone.Deploy.0 = Release|Any CPU
		{2B9A7C31-0D0D-4B61-BC48-C4591660C70F}.AppStore|iPhoneSimulator.ActiveCfg = Release|Any CPU
		{2B9A7C31-0D0D-4B61-BC48-C4591660C70F}.AppStore|iPhoneSimulator.Build.0 = Release|Any CPU
		{2B9A7C31-0D0D-4B61-BC48-C4591660C70F}.AppStore|iPhoneSimulator.Deploy.0 = Release|Any CPU
		{2B9A7C31-0D0D-4B61-BC48-C4591660C70F}.AppStore|x64.ActiveCfg = Release|Any CPU
		{2B9A7C31-0D0D-4B61-BC48-C4591660C70F}.AppStore|x64.Build.0 = Release|Any CPU
		{2B9A7C31-0D0D-4B61-BC48-C4591660C70F}.AppStore|x64.Deploy.0 = Release|Any CPU
		{2B9A7C31-0D0D-4B61-BC48-C4591660C70F}.AppStore|x86.ActiveCfg = Release|Any CPU
		{2B9A7C31-0D0D-4B61-BC48-C4591660C70F}.AppStore|x86.Build.0 = Release|Any CPU
		{2B9A7C31-0D0D-4B61-BC48-C4591660C70F}.AppStore|x86.Deploy.0 = Release|Any CPU
		{2B9A7C31-0D0D-4B61-BC48-C4591660C70F}.Debug|Any CPU.ActiveCfg = Debug|Any CPU
		{2B9A7C31-0D0D-4B61-BC48-C4591660C70F}.Debug|Any CPU.Build.0 = Debug|Any CPU
		{2B9A7C31-0D0D-4B61-BC48-C4591660C70F}.Debug|Any CPU.Deploy.0 = Debug|Any CPU
		{2B9A7C31-0D0D-4B61-BC48-C4591660C70F}.Debug|ARM.ActiveCfg = Debug|Any CPU
		{2B9A7C31-0D0D-4B61-BC48-C4591660C70F}.Debug|ARM.Build.0 = Debug|Any CPU
		{2B9A7C31-0D0D-4B61-BC48-C4591660C70F}.Debug|ARM.Deploy.0 = Debug|Any CPU
		{2B9A7C31-0D0D-4B61-BC48-C4591660C70F}.Debug|iPhone.ActiveCfg = Debug|Any CPU
		{2B9A7C31-0D0D-4B61-BC48-C4591660C70F}.Debug|iPhone.Build.0 = Debug|Any CPU
		{2B9A7C31-0D0D-4B61-BC48-C4591660C70F}.Debug|iPhone.Deploy.0 = Debug|Any CPU
		{2B9A7C31-0D0D-4B61-BC48-C4591660C70F}.Debug|iPhoneSimulator.ActiveCfg = Debug|Any CPU
		{2B9A7C31-0D0D-4B61-BC48-C4591660C70F}.Debug|iPhoneSimulator.Build.0 = Debug|Any CPU
		{2B9A7C31-0D0D-4B61-BC48-C4591660C70F}.Debug|iPhoneSimulator.Deploy.0 = Debug|Any CPU
		{2B9A7C31-0D0D-4B61-BC48-C4591660C70F}.Debug|x64.ActiveCfg = Debug|Any CPU
		{2B9A7C31-0D0D-4B61-BC48-C4591660C70F}.Debug|x64.Build.0 = Debug|Any CPU
		{2B9A7C31-0D0D-4B61-BC48-C4591660C70F}.Debug|x64.Deploy.0 = Debug|Any CPU
		{2B9A7C31-0D0D-4B61-BC48-C4591660C70F}.Debug|x86.ActiveCfg = Debug|Any CPU
		{2B9A7C31-0D0D-4B61-BC48-C4591660C70F}.Debug|x86.Build.0 = Debug|Any CPU
		{2B9A7C31-0D0D-4B61-BC48-C4591660C70F}.Debug|x86.Deploy.0 = Debug|Any CPU
		{2B9A7C31-0D0D-4B61-BC48-C4591660C70F}.Release|Any CPU.ActiveCfg = Release|Any CPU
		{2B9A7C31-0D0D-4B61-BC48-C4591660C70F}.Release|Any CPU.Build.0 = Release|Any CPU
		{2B9A7C31-0D0D-4B61-BC48-C4591660C70F}.Release|Any CPU.Deploy.0 = Release|Any CPU
		{2B9A7C31-0D0D-4B61-BC48-C4591660C70F}.Release|ARM.ActiveCfg = Release|Any CPU
		{2B9A7C31-0D0D-4B61-BC48-C4591660C70F}.Release|ARM.Build.0 = Release|Any CPU
		{2B9A7C31-0D0D-4B61-BC48-C4591660C70F}.Release|ARM.Deploy.0 = Release|Any CPU
		{2B9A7C31-0D0D-4B61-BC48-C4591660C70F}.Release|iPhone.ActiveCfg = Release|Any CPU
		{2B9A7C31-0D0D-4B61-BC48-C4591660C70F}.Release|iPhone.Build.0 = Release|Any CPU
		{2B9A7C31-0D0D-4B61-BC48-C4591660C70F}.Release|iPhone.Deploy.0 = Release|Any CPU
		{2B9A7C31-0D0D-4B61-BC48-C4591660C70F}.Release|iPhoneSimulator.ActiveCfg = Release|Any CPU
		{2B9A7C31-0D0D-4B61-BC48-C4591660C70F}.Release|iPhoneSimulator.Build.0 = Release|Any CPU
		{2B9A7C31-0D0D-4B61-BC48-C4591660C70F}.Release|iPhoneSimulator.Deploy.0 = Release|Any CPU
		{2B9A7C31-0D0D-4B61-BC48-C4591660C70F}.Release|x64.ActiveCfg = Release|Any CPU
		{2B9A7C31-0D0D-4B61-BC48-C4591660C70F}.Release|x64.Build.0 = Release|Any CPU
		{2B9A7C31-0D0D-4B61-BC48-C4591660C70F}.Release|x64.Deploy.0 = Release|Any CPU
		{2B9A7C31-0D0D-4B61-BC48-C4591660C70F}.Release|x86.ActiveCfg = Release|Any CPU
		{2B9A7C31-0D0D-4B61-BC48-C4591660C70F}.Release|x86.Build.0 = Release|Any CPU
		{2B9A7C31-0D0D-4B61-BC48-C4591660C70F}.Release|x86.Deploy.0 = Release|Any CPU
		{4130B15C-3A3C-4D8C-BFE9-2F374BEDC699}.Ad-Hoc|Any CPU.ActiveCfg = Release|Any CPU
		{4130B15C-3A3C-4D8C-BFE9-2F374BEDC699}.Ad-Hoc|Any CPU.Build.0 = Release|Any CPU
		{4130B15C-3A3C-4D8C-BFE9-2F374BEDC699}.Ad-Hoc|ARM.ActiveCfg = Release|Any CPU
		{4130B15C-3A3C-4D8C-BFE9-2F374BEDC699}.Ad-Hoc|ARM.Build.0 = Release|Any CPU
		{4130B15C-3A3C-4D8C-BFE9-2F374BEDC699}.Ad-Hoc|iPhone.ActiveCfg = Release|Any CPU
		{4130B15C-3A3C-4D8C-BFE9-2F374BEDC699}.Ad-Hoc|iPhone.Build.0 = Release|Any CPU
		{4130B15C-3A3C-4D8C-BFE9-2F374BEDC699}.Ad-Hoc|iPhoneSimulator.ActiveCfg = Release|Any CPU
		{4130B15C-3A3C-4D8C-BFE9-2F374BEDC699}.Ad-Hoc|iPhoneSimulator.Build.0 = Release|Any CPU
		{4130B15C-3A3C-4D8C-BFE9-2F374BEDC699}.Ad-Hoc|x64.ActiveCfg = Release|Any CPU
		{4130B15C-3A3C-4D8C-BFE9-2F374BEDC699}.Ad-Hoc|x64.Build.0 = Release|Any CPU
		{4130B15C-3A3C-4D8C-BFE9-2F374BEDC699}.Ad-Hoc|x86.ActiveCfg = Release|Any CPU
		{4130B15C-3A3C-4D8C-BFE9-2F374BEDC699}.Ad-Hoc|x86.Build.0 = Release|Any CPU
		{4130B15C-3A3C-4D8C-BFE9-2F374BEDC699}.AppStore|Any CPU.ActiveCfg = Release|Any CPU
		{4130B15C-3A3C-4D8C-BFE9-2F374BEDC699}.AppStore|Any CPU.Build.0 = Release|Any CPU
		{4130B15C-3A3C-4D8C-BFE9-2F374BEDC699}.AppStore|ARM.ActiveCfg = Release|Any CPU
		{4130B15C-3A3C-4D8C-BFE9-2F374BEDC699}.AppStore|ARM.Build.0 = Release|Any CPU
		{4130B15C-3A3C-4D8C-BFE9-2F374BEDC699}.AppStore|iPhone.ActiveCfg = Release|Any CPU
		{4130B15C-3A3C-4D8C-BFE9-2F374BEDC699}.AppStore|iPhone.Build.0 = Release|Any CPU
		{4130B15C-3A3C-4D8C-BFE9-2F374BEDC699}.AppStore|iPhoneSimulator.ActiveCfg = Release|Any CPU
		{4130B15C-3A3C-4D8C-BFE9-2F374BEDC699}.AppStore|iPhoneSimulator.Build.0 = Release|Any CPU
		{4130B15C-3A3C-4D8C-BFE9-2F374BEDC699}.AppStore|x64.ActiveCfg = Release|Any CPU
		{4130B15C-3A3C-4D8C-BFE9-2F374BEDC699}.AppStore|x64.Build.0 = Release|Any CPU
		{4130B15C-3A3C-4D8C-BFE9-2F374BEDC699}.AppStore|x86.ActiveCfg = Release|Any CPU
		{4130B15C-3A3C-4D8C-BFE9-2F374BEDC699}.AppStore|x86.Build.0 = Release|Any CPU
		{4130B15C-3A3C-4D8C-BFE9-2F374BEDC699}.Debug|Any CPU.ActiveCfg = Debug|Any CPU
		{4130B15C-3A3C-4D8C-BFE9-2F374BEDC699}.Debug|Any CPU.Build.0 = Debug|Any CPU
		{4130B15C-3A3C-4D8C-BFE9-2F374BEDC699}.Debug|ARM.ActiveCfg = Debug|Any CPU
		{4130B15C-3A3C-4D8C-BFE9-2F374BEDC699}.Debug|ARM.Build.0 = Debug|Any CPU
		{4130B15C-3A3C-4D8C-BFE9-2F374BEDC699}.Debug|iPhone.ActiveCfg = Debug|Any CPU
		{4130B15C-3A3C-4D8C-BFE9-2F374BEDC699}.Debug|iPhone.Build.0 = Debug|Any CPU
		{4130B15C-3A3C-4D8C-BFE9-2F374BEDC699}.Debug|iPhoneSimulator.ActiveCfg = Debug|Any CPU
		{4130B15C-3A3C-4D8C-BFE9-2F374BEDC699}.Debug|iPhoneSimulator.Build.0 = Debug|Any CPU
		{4130B15C-3A3C-4D8C-BFE9-2F374BEDC699}.Debug|x64.ActiveCfg = Debug|Any CPU
		{4130B15C-3A3C-4D8C-BFE9-2F374BEDC699}.Debug|x64.Build.0 = Debug|Any CPU
		{4130B15C-3A3C-4D8C-BFE9-2F374BEDC699}.Debug|x86.ActiveCfg = Debug|Any CPU
		{4130B15C-3A3C-4D8C-BFE9-2F374BEDC699}.Debug|x86.Build.0 = Debug|Any CPU
		{4130B15C-3A3C-4D8C-BFE9-2F374BEDC699}.Release|Any CPU.ActiveCfg = Release|Any CPU
		{4130B15C-3A3C-4D8C-BFE9-2F374BEDC699}.Release|Any CPU.Build.0 = Release|Any CPU
		{4130B15C-3A3C-4D8C-BFE9-2F374BEDC699}.Release|ARM.ActiveCfg = Release|Any CPU
		{4130B15C-3A3C-4D8C-BFE9-2F374BEDC699}.Release|ARM.Build.0 = Release|Any CPU
		{4130B15C-3A3C-4D8C-BFE9-2F374BEDC699}.Release|iPhone.ActiveCfg = Release|Any CPU
		{4130B15C-3A3C-4D8C-BFE9-2F374BEDC699}.Release|iPhone.Build.0 = Release|Any CPU
		{4130B15C-3A3C-4D8C-BFE9-2F374BEDC699}.Release|iPhoneSimulator.ActiveCfg = Release|Any CPU
		{4130B15C-3A3C-4D8C-BFE9-2F374BEDC699}.Release|iPhoneSimulator.Build.0 = Release|Any CPU
		{4130B15C-3A3C-4D8C-BFE9-2F374BEDC699}.Release|x64.ActiveCfg = Release|Any CPU
		{4130B15C-3A3C-4D8C-BFE9-2F374BEDC699}.Release|x64.Build.0 = Release|Any CPU
		{4130B15C-3A3C-4D8C-BFE9-2F374BEDC699}.Release|x86.ActiveCfg = Release|Any CPU
		{4130B15C-3A3C-4D8C-BFE9-2F374BEDC699}.Release|x86.Build.0 = Release|Any CPU
		{EFB3BA06-32F0-443D-A8AE-FA2F22E900AB}.Ad-Hoc|Any CPU.ActiveCfg = Release|x86
		{EFB3BA06-32F0-443D-A8AE-FA2F22E900AB}.Ad-Hoc|Any CPU.Build.0 = Release|x86
		{EFB3BA06-32F0-443D-A8AE-FA2F22E900AB}.Ad-Hoc|Any CPU.Deploy.0 = Release|x86
		{EFB3BA06-32F0-443D-A8AE-FA2F22E900AB}.Ad-Hoc|ARM.ActiveCfg = Release|ARM
		{EFB3BA06-32F0-443D-A8AE-FA2F22E900AB}.Ad-Hoc|ARM.Build.0 = Release|ARM
		{EFB3BA06-32F0-443D-A8AE-FA2F22E900AB}.Ad-Hoc|ARM.Deploy.0 = Release|ARM
		{EFB3BA06-32F0-443D-A8AE-FA2F22E900AB}.Ad-Hoc|iPhone.ActiveCfg = Release|x86
		{EFB3BA06-32F0-443D-A8AE-FA2F22E900AB}.Ad-Hoc|iPhone.Build.0 = Release|x86
		{EFB3BA06-32F0-443D-A8AE-FA2F22E900AB}.Ad-Hoc|iPhone.Deploy.0 = Release|x86
		{EFB3BA06-32F0-443D-A8AE-FA2F22E900AB}.Ad-Hoc|iPhoneSimulator.ActiveCfg = Release|x86
		{EFB3BA06-32F0-443D-A8AE-FA2F22E900AB}.Ad-Hoc|iPhoneSimulator.Build.0 = Release|x86
		{EFB3BA06-32F0-443D-A8AE-FA2F22E900AB}.Ad-Hoc|iPhoneSimulator.Deploy.0 = Release|x86
		{EFB3BA06-32F0-443D-A8AE-FA2F22E900AB}.Ad-Hoc|x64.ActiveCfg = Release|x64
		{EFB3BA06-32F0-443D-A8AE-FA2F22E900AB}.Ad-Hoc|x64.Build.0 = Release|x64
		{EFB3BA06-32F0-443D-A8AE-FA2F22E900AB}.Ad-Hoc|x64.Deploy.0 = Release|x64
		{EFB3BA06-32F0-443D-A8AE-FA2F22E900AB}.Ad-Hoc|x86.ActiveCfg = Release|x86
		{EFB3BA06-32F0-443D-A8AE-FA2F22E900AB}.Ad-Hoc|x86.Build.0 = Release|x86
		{EFB3BA06-32F0-443D-A8AE-FA2F22E900AB}.Ad-Hoc|x86.Deploy.0 = Release|x86
		{EFB3BA06-32F0-443D-A8AE-FA2F22E900AB}.AppStore|Any CPU.ActiveCfg = Release|x86
		{EFB3BA06-32F0-443D-A8AE-FA2F22E900AB}.AppStore|Any CPU.Build.0 = Release|x86
		{EFB3BA06-32F0-443D-A8AE-FA2F22E900AB}.AppStore|Any CPU.Deploy.0 = Release|x86
		{EFB3BA06-32F0-443D-A8AE-FA2F22E900AB}.AppStore|ARM.ActiveCfg = Release|ARM
		{EFB3BA06-32F0-443D-A8AE-FA2F22E900AB}.AppStore|ARM.Build.0 = Release|ARM
		{EFB3BA06-32F0-443D-A8AE-FA2F22E900AB}.AppStore|ARM.Deploy.0 = Release|ARM
		{EFB3BA06-32F0-443D-A8AE-FA2F22E900AB}.AppStore|iPhone.ActiveCfg = Release|x86
		{EFB3BA06-32F0-443D-A8AE-FA2F22E900AB}.AppStore|iPhone.Build.0 = Release|x86
		{EFB3BA06-32F0-443D-A8AE-FA2F22E900AB}.AppStore|iPhone.Deploy.0 = Release|x86
		{EFB3BA06-32F0-443D-A8AE-FA2F22E900AB}.AppStore|iPhoneSimulator.ActiveCfg = Release|x86
		{EFB3BA06-32F0-443D-A8AE-FA2F22E900AB}.AppStore|iPhoneSimulator.Build.0 = Release|x86
		{EFB3BA06-32F0-443D-A8AE-FA2F22E900AB}.AppStore|iPhoneSimulator.Deploy.0 = Release|x86
		{EFB3BA06-32F0-443D-A8AE-FA2F22E900AB}.AppStore|x64.ActiveCfg = Release|x64
		{EFB3BA06-32F0-443D-A8AE-FA2F22E900AB}.AppStore|x64.Build.0 = Release|x64
		{EFB3BA06-32F0-443D-A8AE-FA2F22E900AB}.AppStore|x64.Deploy.0 = Release|x64
		{EFB3BA06-32F0-443D-A8AE-FA2F22E900AB}.AppStore|x86.ActiveCfg = Release|x86
		{EFB3BA06-32F0-443D-A8AE-FA2F22E900AB}.AppStore|x86.Build.0 = Release|x86
		{EFB3BA06-32F0-443D-A8AE-FA2F22E900AB}.AppStore|x86.Deploy.0 = Release|x86
		{EFB3BA06-32F0-443D-A8AE-FA2F22E900AB}.Debug|Any CPU.ActiveCfg = Debug|x86
		{EFB3BA06-32F0-443D-A8AE-FA2F22E900AB}.Debug|ARM.ActiveCfg = Debug|ARM
		{EFB3BA06-32F0-443D-A8AE-FA2F22E900AB}.Debug|ARM.Build.0 = Debug|ARM
		{EFB3BA06-32F0-443D-A8AE-FA2F22E900AB}.Debug|ARM.Deploy.0 = Debug|ARM
		{EFB3BA06-32F0-443D-A8AE-FA2F22E900AB}.Debug|iPhone.ActiveCfg = Debug|x86
		{EFB3BA06-32F0-443D-A8AE-FA2F22E900AB}.Debug|iPhoneSimulator.ActiveCfg = Debug|x86
		{EFB3BA06-32F0-443D-A8AE-FA2F22E900AB}.Debug|x64.ActiveCfg = Debug|x64
		{EFB3BA06-32F0-443D-A8AE-FA2F22E900AB}.Debug|x64.Build.0 = Debug|x64
		{EFB3BA06-32F0-443D-A8AE-FA2F22E900AB}.Debug|x64.Deploy.0 = Debug|x64
		{EFB3BA06-32F0-443D-A8AE-FA2F22E900AB}.Debug|x86.ActiveCfg = Debug|x86
		{EFB3BA06-32F0-443D-A8AE-FA2F22E900AB}.Debug|x86.Build.0 = Debug|x86
		{EFB3BA06-32F0-443D-A8AE-FA2F22E900AB}.Debug|x86.Deploy.0 = Debug|x86
		{EFB3BA06-32F0-443D-A8AE-FA2F22E900AB}.Release|Any CPU.ActiveCfg = Release|x86
		{EFB3BA06-32F0-443D-A8AE-FA2F22E900AB}.Release|ARM.ActiveCfg = Release|ARM
		{EFB3BA06-32F0-443D-A8AE-FA2F22E900AB}.Release|ARM.Build.0 = Release|ARM
		{EFB3BA06-32F0-443D-A8AE-FA2F22E900AB}.Release|ARM.Deploy.0 = Release|ARM
		{EFB3BA06-32F0-443D-A8AE-FA2F22E900AB}.Release|iPhone.ActiveCfg = Release|x86
		{EFB3BA06-32F0-443D-A8AE-FA2F22E900AB}.Release|iPhoneSimulator.ActiveCfg = Release|x86
		{EFB3BA06-32F0-443D-A8AE-FA2F22E900AB}.Release|x64.ActiveCfg = Release|x64
		{EFB3BA06-32F0-443D-A8AE-FA2F22E900AB}.Release|x64.Build.0 = Release|x64
		{EFB3BA06-32F0-443D-A8AE-FA2F22E900AB}.Release|x64.Deploy.0 = Release|x64
		{EFB3BA06-32F0-443D-A8AE-FA2F22E900AB}.Release|x86.ActiveCfg = Release|x86
		{EFB3BA06-32F0-443D-A8AE-FA2F22E900AB}.Release|x86.Build.0 = Release|x86
		{EFB3BA06-32F0-443D-A8AE-FA2F22E900AB}.Release|x86.Deploy.0 = Release|x86
		{E6FC3D8C-CA43-4D02-B443-A908B4001BFF}.Ad-Hoc|Any CPU.ActiveCfg = Ad-Hoc|iPhoneSimulator
		{E6FC3D8C-CA43-4D02-B443-A908B4001BFF}.Ad-Hoc|ARM.ActiveCfg = Ad-Hoc|iPhone
		{E6FC3D8C-CA43-4D02-B443-A908B4001BFF}.Ad-Hoc|iPhone.ActiveCfg = Ad-Hoc|iPhone
		{E6FC3D8C-CA43-4D02-B443-A908B4001BFF}.Ad-Hoc|iPhone.Build.0 = Ad-Hoc|iPhone
		{E6FC3D8C-CA43-4D02-B443-A908B4001BFF}.Ad-Hoc|iPhoneSimulator.ActiveCfg = Ad-Hoc|iPhoneSimulator
		{E6FC3D8C-CA43-4D02-B443-A908B4001BFF}.Ad-Hoc|iPhoneSimulator.Build.0 = Ad-Hoc|iPhoneSimulator
		{E6FC3D8C-CA43-4D02-B443-A908B4001BFF}.Ad-Hoc|x64.ActiveCfg = Ad-Hoc|iPhone
		{E6FC3D8C-CA43-4D02-B443-A908B4001BFF}.Ad-Hoc|x86.ActiveCfg = Ad-Hoc|iPhone
		{E6FC3D8C-CA43-4D02-B443-A908B4001BFF}.AppStore|Any CPU.ActiveCfg = AppStore|iPhoneSimulator
		{E6FC3D8C-CA43-4D02-B443-A908B4001BFF}.AppStore|ARM.ActiveCfg = AppStore|iPhone
		{E6FC3D8C-CA43-4D02-B443-A908B4001BFF}.AppStore|iPhone.ActiveCfg = AppStore|iPhone
		{E6FC3D8C-CA43-4D02-B443-A908B4001BFF}.AppStore|iPhone.Build.0 = AppStore|iPhone
		{E6FC3D8C-CA43-4D02-B443-A908B4001BFF}.AppStore|iPhoneSimulator.ActiveCfg = AppStore|iPhoneSimulator
		{E6FC3D8C-CA43-4D02-B443-A908B4001BFF}.AppStore|iPhoneSimulator.Build.0 = AppStore|iPhoneSimulator
		{E6FC3D8C-CA43-4D02-B443-A908B4001BFF}.AppStore|x64.ActiveCfg = AppStore|iPhone
		{E6FC3D8C-CA43-4D02-B443-A908B4001BFF}.AppStore|x86.ActiveCfg = AppStore|iPhone
		{E6FC3D8C-CA43-4D02-B443-A908B4001BFF}.Debug|Any CPU.ActiveCfg = Debug|iPhoneSimulator
		{E6FC3D8C-CA43-4D02-B443-A908B4001BFF}.Debug|ARM.ActiveCfg = Debug|iPhone
		{E6FC3D8C-CA43-4D02-B443-A908B4001BFF}.Debug|iPhone.ActiveCfg = Debug|iPhone
		{E6FC3D8C-CA43-4D02-B443-A908B4001BFF}.Debug|iPhone.Build.0 = Debug|iPhone
		{E6FC3D8C-CA43-4D02-B443-A908B4001BFF}.Debug|iPhoneSimulator.ActiveCfg = Debug|iPhoneSimulator
		{E6FC3D8C-CA43-4D02-B443-A908B4001BFF}.Debug|iPhoneSimulator.Build.0 = Debug|iPhoneSimulator
		{E6FC3D8C-CA43-4D02-B443-A908B4001BFF}.Debug|x64.ActiveCfg = Debug|iPhone
		{E6FC3D8C-CA43-4D02-B443-A908B4001BFF}.Debug|x86.ActiveCfg = Debug|iPhone
		{E6FC3D8C-CA43-4D02-B443-A908B4001BFF}.Release|Any CPU.ActiveCfg = Release|iPhoneSimulator
		{E6FC3D8C-CA43-4D02-B443-A908B4001BFF}.Release|ARM.ActiveCfg = Release|iPhone
		{E6FC3D8C-CA43-4D02-B443-A908B4001BFF}.Release|iPhone.ActiveCfg = Release|iPhone
		{E6FC3D8C-CA43-4D02-B443-A908B4001BFF}.Release|iPhone.Build.0 = Release|iPhone
		{E6FC3D8C-CA43-4D02-B443-A908B4001BFF}.Release|iPhoneSimulator.ActiveCfg = Release|iPhoneSimulator
		{E6FC3D8C-CA43-4D02-B443-A908B4001BFF}.Release|iPhoneSimulator.Build.0 = Release|iPhoneSimulator
		{E6FC3D8C-CA43-4D02-B443-A908B4001BFF}.Release|x64.ActiveCfg = Release|iPhone
		{E6FC3D8C-CA43-4D02-B443-A908B4001BFF}.Release|x86.ActiveCfg = Release|iPhone
	EndGlobalSection
	GlobalSection(SolutionProperties) = preSolution
		HideSolutionNode = FALSE
	EndGlobalSection
	GlobalSection(ExtensibilityGlobals) = postSolution
		SolutionGuid = {A9980049-877F-4EC6-A3A2-9EAB51A389EE}
	EndGlobalSection
EndGlobal
